
Microsoft Visual Studio Solution File, Format Version 12.00
# Visual Studio Version 17
VisualStudioVersion = 17.7.34202.233
MinimumVisualStudioVersion = 10.0.40219.1
Project("{FAE04EC0-301F-11D3-BF4B-00C04F79EFBC}") = "VkAlbumBackup", "VkAlbumBackup\VkAlbumBackup.csproj", "{7E550869-6ED0-4A6F-B8FA-8363ED91DD1D}"
EndProject
Global
	GlobalSection(SolutionConfigurationPlatforms) = preSolution
		Debug|Any CPU = Debug|Any CPU
		Release|Any CPU = Release|Any CPU
	EndGlobalSection
	GlobalSection(ProjectConfigurationPlatforms) = postSolution
		{7E550869-6ED0-4A6F-B8FA-8363ED91DD1D}.Debug|Any CPU.ActiveCfg = Debug|Any CPU
		{7E550869-6ED0-4A6F-B8FA-8363ED91DD1D}.Debug|Any CPU.Build.0 = Debug|Any CPU
		{7E550869-6ED0-4A6F-B8FA-8363ED91DD1D}.Release|Any CPU.ActiveCfg = Release|Any CPU
		{7E550869-6ED0-4A6F-B8FA-8363ED91DD1D}.Release|Any CPU.Build.0 = Release|Any CPU
	EndGlobalSection
	GlobalSection(SolutionProperties) = preSolution
		HideSolutionNode = FALSE
	EndGlobalSection
	GlobalSection(ExtensibilityGlobals) = postSolution
		SolutionGuid = {5E3C8228-35EB-4B22-AE46-A1C1DF077771}
	EndGlobalSection
EndGlobal
